
Microsoft Visual Studio Solution File, Format Version 12.00
# Visual Studio Version 16
VisualStudioVersion = 16.0.31105.61
MinimumVisualStudioVersion = 10.0.40219.1
Project("{FAE04EC0-301F-11D3-BF4B-00C04F79EFBC}") = "SnippetTrick", "SnippetTrick.csproj", "{A53D8D37-A9B2-473E-ABB9-CD36748F451F}"
EndProject
Global
	GlobalSection(SolutionConfigurationPlatforms) = preSolution
		Debug|Any CPU = Debug|Any CPU
		Release|Any CPU = Release|Any CPU
	EndGlobalSection
	GlobalSection(ProjectConfigurationPlatforms) = postSolution
		{A53D8D37-A9B2-473E-ABB9-CD36748F451F}.Debug|Any CPU.ActiveCfg = Debug|Any CPU
		{A53D8D37-A9B2-473E-ABB9-CD36748F451F}.Debug|Any CPU.Build.0 = Debug|Any CPU
		{A53D8D37-A9B2-473E-ABB9-CD36748F451F}.Release|Any CPU.ActiveCfg = Release|Any CPU
		{A53D8D37-A9B2-473E-ABB9-CD36748F451F}.Release|Any CPU.Build.0 = Release|Any CPU
	EndGlobalSection
	GlobalSection(SolutionProperties) = preSolution
		HideSolutionNode = FALSE
	EndGlobalSection
	GlobalSection(ExtensibilityGlobals) = postSolution
		SolutionGuid = {74D35E19-24F3-4354-9147-FBDB0E72183A}
	EndGlobalSection
EndGlobal
