
Microsoft Visual Studio Solution File, Format Version 12.00
# Visual Studio 15
VisualStudioVersion = 15.0.28010.2046
MinimumVisualStudioVersion = 10.0.40219.1
Project("{8BC9CEB8-8B4A-11D0-8D11-00A0C91BC942}") = "Code", "Code\Code.vcxproj", "{2B2B2F04-8A16-47ED-9AA9-F4A6A5D04EC5}"
EndProject
Global
	GlobalSection(SolutionConfigurationPlatforms) = preSolution
		Debug|x64 = Debug|x64
		Debug|x86 = Debug|x86
		Release|x64 = Release|x64
		Release|x86 = Release|x86
	EndGlobalSection
	GlobalSection(ProjectConfigurationPlatforms) = postSolution
		{2B2B2F04-8A16-47ED-9AA9-F4A6A5D04EC5}.Debug|x64.ActiveCfg = Debug|x64
		{2B2B2F04-8A16-47ED-9AA9-F4A6A5D04EC5}.Debug|x64.Build.0 = Debug|x64
		{2B2B2F04-8A16-47ED-9AA9-F4A6A5D04EC5}.Debug|x86.ActiveCfg = Debug|Win32
		{2B2B2F04-8A16-47ED-9AA9-F4A6A5D04EC5}.Debug|x86.Build.0 = Debug|Win32
		{2B2B2F04-8A16-47ED-9AA9-F4A6A5D04EC5}.Release|x64.ActiveCfg = Release|x64
		{2B2B2F04-8A16-47ED-9AA9-F4A6A5D04EC5}.Release|x64.Build.0 = Release|x64
		{2B2B2F04-8A16-47ED-9AA9-F4A6A5D04EC5}.Release|x86.ActiveCfg = Release|Win32
		{2B2B2F04-8A16-47ED-9AA9-F4A6A5D04EC5}.Release|x86.Build.0 = Release|Win32
	EndGlobalSection
	GlobalSection(SolutionProperties) = preSolution
		HideSolutionNode = FALSE
	EndGlobalSection
	GlobalSection(ExtensibilityGlobals) = postSolution
		SolutionGuid = {2CC1BE3A-E049-4C63-A151-19F94253811D}
	EndGlobalSection
EndGlobal
