
Microsoft Visual Studio Solution File, Format Version 12.00
# Visual Studio Version 16
VisualStudioVersion = 16.0.28803.202
MinimumVisualStudioVersion = 10.0.40219.1
Project("{FAE04EC0-301F-11D3-BF4B-00C04F79EFBC}") = "TestConsoleApp", "TestConsoleApp.csproj", "{84B353FB-C719-47CD-858B-D5362C02D036}"
EndProject
Global
	GlobalSection(SolutionConfigurationPlatforms) = preSolution
		Debug|Any CPU = Debug|Any CPU
		Release|Any CPU = Release|Any CPU
	EndGlobalSection
	GlobalSection(ProjectConfigurationPlatforms) = postSolution
		{84B353FB-C719-47CD-858B-D5362C02D036}.Debug|Any CPU.ActiveCfg = Debug|Any CPU
		{84B353FB-C719-47CD-858B-D5362C02D036}.Debug|Any CPU.Build.0 = Debug|Any CPU
		{84B353FB-C719-47CD-858B-D5362C02D036}.Release|Any CPU.ActiveCfg = Release|Any CPU
		{84B353FB-C719-47CD-858B-D5362C02D036}.Release|Any CPU.Build.0 = Release|Any CPU
	EndGlobalSection
	GlobalSection(SolutionProperties) = preSolution
		HideSolutionNode = FALSE
	EndGlobalSection
	GlobalSection(ExtensibilityGlobals) = postSolution
		SolutionGuid = {A61F1758-594D-4B93-93E4-26D384472CF0}
	EndGlobalSection
EndGlobal
