
Microsoft Visual Studio Solution File, Format Version 12.00
# Visual Studio 15
VisualStudioVersion = 15.0.27130.2036
MinimumVisualStudioVersion = 10.0.40219.1
Project("{2150E333-8FDC-42A3-9474-1A3956D46DE8}") = "Solution Items", "Solution Items", "{CABBBC5A-40A4-407D-9052-7BDB2A1CBC99}"
	ProjectSection(SolutionItems) = preProject
		.gitignore = .gitignore
	EndProjectSection
EndProject
Project("{FAE04EC0-301F-11D3-BF4B-00C04F79EFBC}") = "ado.net", "ado.net\ado.net.csproj", "{3D90EA0A-9A34-4370-93C6-2D171BF70FB9}"
EndProject
Project("{FAE04EC0-301F-11D3-BF4B-00C04F79EFBC}") = "EF6", "EF6\EF6.csproj", "{C3F01C41-C8A7-4CC3-AD03-52E9669563EC}"
EndProject
Project("{FAE04EC0-301F-11D3-BF4B-00C04F79EFBC}") = "Misc", "Misc\Misc.csproj", "{C377F390-2DA5-4FB3-A3A0-E4390ACFD3B2}"
EndProject
Project("{FAE04EC0-301F-11D3-BF4B-00C04F79EFBC}") = "EF6CodeFirst", "EF6CodeFirst\EF6CodeFirst.csproj", "{9060CE8C-DD69-47E4-9CD7-D37A0CCED845}"
EndProject
Project("{9A19103F-16F7-4668-BE54-9A1E7A4F7556}") = "ASPNETCoreWeb", "ASPNETCoreWeb\ASPNETCoreWeb.csproj", "{89E3F9B1-36AF-48D1-A229-39CDE7148832}"
EndProject
Project("{9A19103F-16F7-4668-BE54-9A1E7A4F7556}") = "DesignPattern", "DesignPattern\DesignPattern.csproj", "{3C80089C-5618-47AF-8AAF-B2C097B94F73}"
EndProject
Project("{FAE04EC0-301F-11D3-BF4B-00C04F79EFBC}") = "WebAPI", "WebAPI\WebAPI.csproj", "{636CB0BB-A4E0-450B-BE4B-12AC6DD9FA91}"
EndProject
Project("{FAE04EC0-301F-11D3-BF4B-00C04F79EFBC}") = "WebAPISelfHosting", "WebAPISelfHosting\WebAPISelfHosting.csproj", "{CA895A93-99AE-4094-B366-E3BC5B995566}"
EndProject
Project("{FAE04EC0-301F-11D3-BF4B-00C04F79EFBC}") = "FlowControlDemo", "FlowControlDemo\FlowControlDemo.csproj", "{A4B42346-DABE-4789-8818-382AA1A42B6E}"
EndProject
Project("{2150E333-8FDC-42A3-9474-1A3956D46DE8}") = "IoC", "IoC", "{3F7573A0-D28D-4835-B321-D02D989B145E}"
EndProject
Project("{2150E333-8FDC-42A3-9474-1A3956D46DE8}") = "WebAPI", "WebAPI", "{82CF640C-6087-4E3C-84EE-E49AB38F8D2F}"
EndProject
Project("{FAE04EC0-301F-11D3-BF4B-00C04F79EFBC}") = "SimpleIoC", "SimpleIoC\SimpleIoC.csproj", "{C07D2122-B0D2-4BBE-8947-987D7D465B28}"
EndProject
Project("{FAE04EC0-301F-11D3-BF4B-00C04F79EFBC}") = "UnityContainerIoC", "UnityContainerIoC\UnityContainerIoC.csproj", "{236B9075-4301-4630-B9C2-20DD9801BD9D}"
EndProject
Project("{2150E333-8FDC-42A3-9474-1A3956D46DE8}") = "LINQ", "LINQ", "{77860B85-9529-496F-A534-D41795512F5C}"
EndProject
Project("{FAE04EC0-301F-11D3-BF4B-00C04F79EFBC}") = "LinqSample", "LinqSample\LinqSample.csproj", "{FB27EF34-D6B4-462E-984A-9AE8253CCAA1}"
EndProject
Project("{9A19103F-16F7-4668-BE54-9A1E7A4F7556}") = "CSharpTutorial", "CSharpTutorial\CSharpTutorial.csproj", "{DA266E3F-D2F2-4746-9C2F-7B3001DD7E7C}"
EndProject
Project("{2150E333-8FDC-42A3-9474-1A3956D46DE8}") = "EF", "EF", "{D8F35195-B008-493F-B01D-8A9EBD3045F4}"
EndProject
Project("{2150E333-8FDC-42A3-9474-1A3956D46DE8}") = "ASPNETCore", "ASPNETCore", "{65DADC06-2F7A-4D71-BC5E-D8777A83CF0C}"
EndProject
Project("{2150E333-8FDC-42A3-9474-1A3956D46DE8}") = "$Misc", "$Misc", "{D8A245D2-A12D-4113-A1B3-B3B6AC53EFB4}"
EndProject
Project("{9A19103F-16F7-4668-BE54-9A1E7A4F7556}") = "DotNetCoreWebMvc", "DotNetCoreWebMvc\DotNetCoreWebMvc.csproj", "{A20189EC-B915-4B8E-8303-EA92B1EC0F56}"
EndProject
Project("{FAE04EC0-301F-11D3-BF4B-00C04F79EFBC}") = "WebsocketSample", "WebsocketSample\WebsocketSample.csproj", "{3260F870-6947-4C20-ADFE-458C2D6686E1}"
EndProject
Project("{9A19103F-16F7-4668-BE54-9A1E7A4F7556}") = "SignalRSample", "SignalRSample\SignalRSample.csproj", "{D4F75A5E-EAAC-45B7-A8EC-B13D7B21CDED}"
EndProject
Project("{2150E333-8FDC-42A3-9474-1A3956D46DE8}") = "SignalR2", "SignalR2", "{E62EB56A-628F-4A0A-A2F0-255286AF2D6F}"
EndProject
Project("{FAE04EC0-301F-11D3-BF4B-00C04F79EFBC}") = "SignalRChat", "SignalRChat\SignalRChat.csproj", "{D87CD670-220F-4863-957A-715BBA5DA44F}"
EndProject
Project("{FAE04EC0-301F-11D3-BF4B-00C04F79EFBC}") = "MoveShapeDemo", "MoveShapeDemo\MoveShapeDemo.csproj", "{DFB53FFE-52A8-426F-BBC9-FB51C171F198}"
EndProject
Project("{FAE04EC0-301F-11D3-BF4B-00C04F79EFBC}") = "T_SignalR2", "T_SignalR2\T_SignalR2.csproj", "{747C6F33-3CCF-4EBF-87E3-F88C5368614D}"
EndProject
Project("{2150E333-8FDC-42A3-9474-1A3956D46DE8}") = "RedisProvider", "RedisProvider", "{C3233FD9-659C-4BA5-8D94-BA113BB112A5}"
EndProject
Project("{FAE04EC0-301F-11D3-BF4B-00C04F79EFBC}") = "T_Redis", "T_Redis\T_Redis.csproj", "{F26D98F2-EB94-4A03-B1BD-C5A89C500269}"
EndProject
Project("{9A19103F-16F7-4668-BE54-9A1E7A4F7556}") = "T_Core_Redis", "T_Core_Redis\T_Core_Redis.csproj", "{00544175-13BB-4082-8AE6-26B511C504D3}"
EndProject
Project("{2150E333-8FDC-42A3-9474-1A3956D46DE8}") = "ASPNET", "ASPNET", "{1301D820-587F-42BA-89C9-99A38CDAD6E5}"
EndProject
Project("{9A19103F-16F7-4668-BE54-9A1E7A4F7556}") = "T_Cookie", "T_Cookie\T_Cookie.csproj", "{48224623-45FA-4352-BDE8-D058D7859C15}"
EndProject
Project("{2150E333-8FDC-42A3-9474-1A3956D46DE8}") = "NetCore", "NetCore", "{09447EED-74FC-45C0-AE5E-91BF3F4996E9}"
EndProject
Project("{FAE04EC0-301F-11D3-BF4B-00C04F79EFBC}") = "RedisTester", "RedisTester\RedisTester.csproj", "{5D131472-56E3-4530-ACEB-5CFE077B1AB7}"
EndProject
Project("{9A19103F-16F7-4668-BE54-9A1E7A4F7556}") = "CookieSample", "CookieSample\CookieSample.csproj", "{30698561-2A72-46F7-AFA6-FAAB46D044AD}"
EndProject
Project("{9A19103F-16F7-4668-BE54-9A1E7A4F7556}") = "TaskAsyncAwait", "TaskAsyncAwait\TaskAsyncAwait.csproj", "{DD9ADF9E-73B6-4AD0-87CF-DBA437DFAB70}"
EndProject
Project("{FAE04EC0-301F-11D3-BF4B-00C04F79EFBC}") = "DapperSample", "DapperSample\DapperSample.csproj", "{3BCFD1B7-C7A7-4AE6-8DDA-0A9FB95CA796}"
EndProject
Project("{FAE04EC0-301F-11D3-BF4B-00C04F79EFBC}") = "EFCoreSample", "EFCoreSample\EFCoreSample.csproj", "{7A2EA9C7-C993-4A2F-A7EA-13E00037A1B2}"
EndProject
Project("{9A19103F-16F7-4668-BE54-9A1E7A4F7556}") = "DependencyInjectionSample", "DependencyInjectionSample\DependencyInjectionSample.csproj", "{4FF66F12-8E48-4A9F-A7B0-7B2D3A82E9A2}"
EndProject
Project("{FAE04EC0-301F-11D3-BF4B-00C04F79EFBC}") = "MiscCore", "MiscCore\MiscCore.csproj", "{5E7407D1-688C-459C-BB1D-9DFF47EADA3B}"
EndProject
Global
	GlobalSection(SolutionConfigurationPlatforms) = preSolution
		Debug|Any CPU = Debug|Any CPU
		Release|Any CPU = Release|Any CPU
	EndGlobalSection
	GlobalSection(ProjectConfigurationPlatforms) = postSolution
		{3D90EA0A-9A34-4370-93C6-2D171BF70FB9}.Debug|Any CPU.ActiveCfg = Debug|Any CPU
		{3D90EA0A-9A34-4370-93C6-2D171BF70FB9}.Debug|Any CPU.Build.0 = Debug|Any CPU
		{3D90EA0A-9A34-4370-93C6-2D171BF70FB9}.Release|Any CPU.ActiveCfg = Release|Any CPU
		{3D90EA0A-9A34-4370-93C6-2D171BF70FB9}.Release|Any CPU.Build.0 = Release|Any CPU
		{C3F01C41-C8A7-4CC3-AD03-52E9669563EC}.Debug|Any CPU.ActiveCfg = Debug|Any CPU
		{C3F01C41-C8A7-4CC3-AD03-52E9669563EC}.Debug|Any CPU.Build.0 = Debug|Any CPU
		{C3F01C41-C8A7-4CC3-AD03-52E9669563EC}.Release|Any CPU.ActiveCfg = Release|Any CPU
		{C3F01C41-C8A7-4CC3-AD03-52E9669563EC}.Release|Any CPU.Build.0 = Release|Any CPU
		{C377F390-2DA5-4FB3-A3A0-E4390ACFD3B2}.Debug|Any CPU.ActiveCfg = Debug|Any CPU
		{C377F390-2DA5-4FB3-A3A0-E4390ACFD3B2}.Debug|Any CPU.Build.0 = Debug|Any CPU
		{C377F390-2DA5-4FB3-A3A0-E4390ACFD3B2}.Release|Any CPU.ActiveCfg = Release|Any CPU
		{C377F390-2DA5-4FB3-A3A0-E4390ACFD3B2}.Release|Any CPU.Build.0 = Release|Any CPU
		{9060CE8C-DD69-47E4-9CD7-D37A0CCED845}.Debug|Any CPU.ActiveCfg = Debug|Any CPU
		{9060CE8C-DD69-47E4-9CD7-D37A0CCED845}.Debug|Any CPU.Build.0 = Debug|Any CPU
		{9060CE8C-DD69-47E4-9CD7-D37A0CCED845}.Release|Any CPU.ActiveCfg = Release|Any CPU
		{9060CE8C-DD69-47E4-9CD7-D37A0CCED845}.Release|Any CPU.Build.0 = Release|Any CPU
		{89E3F9B1-36AF-48D1-A229-39CDE7148832}.Debug|Any CPU.ActiveCfg = Debug|Any CPU
		{89E3F9B1-36AF-48D1-A229-39CDE7148832}.Debug|Any CPU.Build.0 = Debug|Any CPU
		{89E3F9B1-36AF-48D1-A229-39CDE7148832}.Release|Any CPU.ActiveCfg = Release|Any CPU
		{89E3F9B1-36AF-48D1-A229-39CDE7148832}.Release|Any CPU.Build.0 = Release|Any CPU
		{3C80089C-5618-47AF-8AAF-B2C097B94F73}.Debug|Any CPU.ActiveCfg = Debug|Any CPU
		{3C80089C-5618-47AF-8AAF-B2C097B94F73}.Debug|Any CPU.Build.0 = Debug|Any CPU
		{3C80089C-5618-47AF-8AAF-B2C097B94F73}.Release|Any CPU.ActiveCfg = Release|Any CPU
		{3C80089C-5618-47AF-8AAF-B2C097B94F73}.Release|Any CPU.Build.0 = Release|Any CPU
		{636CB0BB-A4E0-450B-BE4B-12AC6DD9FA91}.Debug|Any CPU.ActiveCfg = Debug|Any CPU
		{636CB0BB-A4E0-450B-BE4B-12AC6DD9FA91}.Debug|Any CPU.Build.0 = Debug|Any CPU
		{636CB0BB-A4E0-450B-BE4B-12AC6DD9FA91}.Release|Any CPU.ActiveCfg = Release|Any CPU
		{636CB0BB-A4E0-450B-BE4B-12AC6DD9FA91}.Release|Any CPU.Build.0 = Release|Any CPU
		{CA895A93-99AE-4094-B366-E3BC5B995566}.Debug|Any CPU.ActiveCfg = Debug|Any CPU
		{CA895A93-99AE-4094-B366-E3BC5B995566}.Debug|Any CPU.Build.0 = Debug|Any CPU
		{CA895A93-99AE-4094-B366-E3BC5B995566}.Release|Any CPU.ActiveCfg = Release|Any CPU
		{CA895A93-99AE-4094-B366-E3BC5B995566}.Release|Any CPU.Build.0 = Release|Any CPU
		{A4B42346-DABE-4789-8818-382AA1A42B6E}.Debug|Any CPU.ActiveCfg = Debug|Any CPU
		{A4B42346-DABE-4789-8818-382AA1A42B6E}.Debug|Any CPU.Build.0 = Debug|Any CPU
		{A4B42346-DABE-4789-8818-382AA1A42B6E}.Release|Any CPU.ActiveCfg = Release|Any CPU
		{A4B42346-DABE-4789-8818-382AA1A42B6E}.Release|Any CPU.Build.0 = Release|Any CPU
		{C07D2122-B0D2-4BBE-8947-987D7D465B28}.Debug|Any CPU.ActiveCfg = Debug|Any CPU
		{C07D2122-B0D2-4BBE-8947-987D7D465B28}.Debug|Any CPU.Build.0 = Debug|Any CPU
		{C07D2122-B0D2-4BBE-8947-987D7D465B28}.Release|Any CPU.ActiveCfg = Release|Any CPU
		{C07D2122-B0D2-4BBE-8947-987D7D465B28}.Release|Any CPU.Build.0 = Release|Any CPU
		{236B9075-4301-4630-B9C2-20DD9801BD9D}.Debug|Any CPU.ActiveCfg = Debug|Any CPU
		{236B9075-4301-4630-B9C2-20DD9801BD9D}.Debug|Any CPU.Build.0 = Debug|Any CPU
		{236B9075-4301-4630-B9C2-20DD9801BD9D}.Release|Any CPU.ActiveCfg = Release|Any CPU
		{236B9075-4301-4630-B9C2-20DD9801BD9D}.Release|Any CPU.Build.0 = Release|Any CPU
		{FB27EF34-D6B4-462E-984A-9AE8253CCAA1}.Debug|Any CPU.ActiveCfg = Debug|Any CPU
		{FB27EF34-D6B4-462E-984A-9AE8253CCAA1}.Debug|Any CPU.Build.0 = Debug|Any CPU
		{FB27EF34-D6B4-462E-984A-9AE8253CCAA1}.Release|Any CPU.ActiveCfg = Release|Any CPU
		{FB27EF34-D6B4-462E-984A-9AE8253CCAA1}.Release|Any CPU.Build.0 = Release|Any CPU
		{DA266E3F-D2F2-4746-9C2F-7B3001DD7E7C}.Debug|Any CPU.ActiveCfg = Debug|Any CPU
		{DA266E3F-D2F2-4746-9C2F-7B3001DD7E7C}.Debug|Any CPU.Build.0 = Debug|Any CPU
		{DA266E3F-D2F2-4746-9C2F-7B3001DD7E7C}.Release|Any CPU.ActiveCfg = Release|Any CPU
		{DA266E3F-D2F2-4746-9C2F-7B3001DD7E7C}.Release|Any CPU.Build.0 = Release|Any CPU
		{A20189EC-B915-4B8E-8303-EA92B1EC0F56}.Debug|Any CPU.ActiveCfg = Debug|Any CPU
		{A20189EC-B915-4B8E-8303-EA92B1EC0F56}.Debug|Any CPU.Build.0 = Debug|Any CPU
		{A20189EC-B915-4B8E-8303-EA92B1EC0F56}.Release|Any CPU.ActiveCfg = Release|Any CPU
		{A20189EC-B915-4B8E-8303-EA92B1EC0F56}.Release|Any CPU.Build.0 = Release|Any CPU
		{3260F870-6947-4C20-ADFE-458C2D6686E1}.Debug|Any CPU.ActiveCfg = Debug|Any CPU
		{3260F870-6947-4C20-ADFE-458C2D6686E1}.Debug|Any CPU.Build.0 = Debug|Any CPU
		{3260F870-6947-4C20-ADFE-458C2D6686E1}.Release|Any CPU.ActiveCfg = Release|Any CPU
		{3260F870-6947-4C20-ADFE-458C2D6686E1}.Release|Any CPU.Build.0 = Release|Any CPU
		{D4F75A5E-EAAC-45B7-A8EC-B13D7B21CDED}.Debug|Any CPU.ActiveCfg = Debug|Any CPU
		{D4F75A5E-EAAC-45B7-A8EC-B13D7B21CDED}.Debug|Any CPU.Build.0 = Debug|Any CPU
		{D4F75A5E-EAAC-45B7-A8EC-B13D7B21CDED}.Release|Any CPU.ActiveCfg = Release|Any CPU
		{D4F75A5E-EAAC-45B7-A8EC-B13D7B21CDED}.Release|Any CPU.Build.0 = Release|Any CPU
		{D87CD670-220F-4863-957A-715BBA5DA44F}.Debug|Any CPU.ActiveCfg = Debug|Any CPU
		{D87CD670-220F-4863-957A-715BBA5DA44F}.Debug|Any CPU.Build.0 = Debug|Any CPU
		{D87CD670-220F-4863-957A-715BBA5DA44F}.Release|Any CPU.ActiveCfg = Release|Any CPU
		{D87CD670-220F-4863-957A-715BBA5DA44F}.Release|Any CPU.Build.0 = Release|Any CPU
		{DFB53FFE-52A8-426F-BBC9-FB51C171F198}.Debug|Any CPU.ActiveCfg = Debug|Any CPU
		{DFB53FFE-52A8-426F-BBC9-FB51C171F198}.Debug|Any CPU.Build.0 = Debug|Any CPU
		{DFB53FFE-52A8-426F-BBC9-FB51C171F198}.Release|Any CPU.ActiveCfg = Release|Any CPU
		{DFB53FFE-52A8-426F-BBC9-FB51C171F198}.Release|Any CPU.Build.0 = Release|Any CPU
		{747C6F33-3CCF-4EBF-87E3-F88C5368614D}.Debug|Any CPU.ActiveCfg = Debug|Any CPU
		{747C6F33-3CCF-4EBF-87E3-F88C5368614D}.Debug|Any CPU.Build.0 = Debug|Any CPU
		{747C6F33-3CCF-4EBF-87E3-F88C5368614D}.Release|Any CPU.ActiveCfg = Release|Any CPU
		{747C6F33-3CCF-4EBF-87E3-F88C5368614D}.Release|Any CPU.Build.0 = Release|Any CPU
		{F26D98F2-EB94-4A03-B1BD-C5A89C500269}.Debug|Any CPU.ActiveCfg = Debug|Any CPU
		{F26D98F2-EB94-4A03-B1BD-C5A89C500269}.Debug|Any CPU.Build.0 = Debug|Any CPU
		{F26D98F2-EB94-4A03-B1BD-C5A89C500269}.Release|Any CPU.ActiveCfg = Release|Any CPU
		{F26D98F2-EB94-4A03-B1BD-C5A89C500269}.Release|Any CPU.Build.0 = Release|Any CPU
		{00544175-13BB-4082-8AE6-26B511C504D3}.Debug|Any CPU.ActiveCfg = Debug|Any CPU
		{00544175-13BB-4082-8AE6-26B511C504D3}.Debug|Any CPU.Build.0 = Debug|Any CPU
		{00544175-13BB-4082-8AE6-26B511C504D3}.Release|Any CPU.ActiveCfg = Release|Any CPU
		{00544175-13BB-4082-8AE6-26B511C504D3}.Release|Any CPU.Build.0 = Release|Any CPU
		{48224623-45FA-4352-BDE8-D058D7859C15}.Debug|Any CPU.ActiveCfg = Debug|Any CPU
		{48224623-45FA-4352-BDE8-D058D7859C15}.Debug|Any CPU.Build.0 = Debug|Any CPU
		{48224623-45FA-4352-BDE8-D058D7859C15}.Release|Any CPU.ActiveCfg = Release|Any CPU
		{48224623-45FA-4352-BDE8-D058D7859C15}.Release|Any CPU.Build.0 = Release|Any CPU
		{5D131472-56E3-4530-ACEB-5CFE077B1AB7}.Debug|Any CPU.ActiveCfg = Debug|Any CPU
		{5D131472-56E3-4530-ACEB-5CFE077B1AB7}.Debug|Any CPU.Build.0 = Debug|Any CPU
		{5D131472-56E3-4530-ACEB-5CFE077B1AB7}.Release|Any CPU.ActiveCfg = Release|Any CPU
		{5D131472-56E3-4530-ACEB-5CFE077B1AB7}.Release|Any CPU.Build.0 = Release|Any CPU
		{30698561-2A72-46F7-AFA6-FAAB46D044AD}.Debug|Any CPU.ActiveCfg = Debug|Any CPU
		{30698561-2A72-46F7-AFA6-FAAB46D044AD}.Debug|Any CPU.Build.0 = Debug|Any CPU
		{30698561-2A72-46F7-AFA6-FAAB46D044AD}.Release|Any CPU.ActiveCfg = Release|Any CPU
		{30698561-2A72-46F7-AFA6-FAAB46D044AD}.Release|Any CPU.Build.0 = Release|Any CPU
		{DD9ADF9E-73B6-4AD0-87CF-DBA437DFAB70}.Debug|Any CPU.ActiveCfg = Debug|Any CPU
		{DD9ADF9E-73B6-4AD0-87CF-DBA437DFAB70}.Debug|Any CPU.Build.0 = Debug|Any CPU
		{DD9ADF9E-73B6-4AD0-87CF-DBA437DFAB70}.Release|Any CPU.ActiveCfg = Release|Any CPU
		{DD9ADF9E-73B6-4AD0-87CF-DBA437DFAB70}.Release|Any CPU.Build.0 = Release|Any CPU
		{3BCFD1B7-C7A7-4AE6-8DDA-0A9FB95CA796}.Debug|Any CPU.ActiveCfg = Debug|Any CPU
		{3BCFD1B7-C7A7-4AE6-8DDA-0A9FB95CA796}.Debug|Any CPU.Build.0 = Debug|Any CPU
		{3BCFD1B7-C7A7-4AE6-8DDA-0A9FB95CA796}.Release|Any CPU.ActiveCfg = Release|Any CPU
		{3BCFD1B7-C7A7-4AE6-8DDA-0A9FB95CA796}.Release|Any CPU.Build.0 = Release|Any CPU
		{7A2EA9C7-C993-4A2F-A7EA-13E00037A1B2}.Debug|Any CPU.ActiveCfg = Debug|Any CPU
		{7A2EA9C7-C993-4A2F-A7EA-13E00037A1B2}.Debug|Any CPU.Build.0 = Debug|Any CPU
		{7A2EA9C7-C993-4A2F-A7EA-13E00037A1B2}.Release|Any CPU.ActiveCfg = Release|Any CPU
		{7A2EA9C7-C993-4A2F-A7EA-13E00037A1B2}.Release|Any CPU.Build.0 = Release|Any CPU
		{4FF66F12-8E48-4A9F-A7B0-7B2D3A82E9A2}.Debug|Any CPU.ActiveCfg = Debug|Any CPU
		{4FF66F12-8E48-4A9F-A7B0-7B2D3A82E9A2}.Debug|Any CPU.Build.0 = Debug|Any CPU
		{4FF66F12-8E48-4A9F-A7B0-7B2D3A82E9A2}.Release|Any CPU.ActiveCfg = Release|Any CPU
		{4FF66F12-8E48-4A9F-A7B0-7B2D3A82E9A2}.Release|Any CPU.Build.0 = Release|Any CPU
		{5E7407D1-688C-459C-BB1D-9DFF47EADA3B}.Debug|Any CPU.ActiveCfg = Debug|Any CPU
		{5E7407D1-688C-459C-BB1D-9DFF47EADA3B}.Debug|Any CPU.Build.0 = Debug|Any CPU
		{5E7407D1-688C-459C-BB1D-9DFF47EADA3B}.Release|Any CPU.ActiveCfg = Release|Any CPU
		{5E7407D1-688C-459C-BB1D-9DFF47EADA3B}.Release|Any CPU.Build.0 = Release|Any CPU
	EndGlobalSection
	GlobalSection(SolutionProperties) = preSolution
		HideSolutionNode = FALSE
	EndGlobalSection
	GlobalSection(NestedProjects) = preSolution
		{3D90EA0A-9A34-4370-93C6-2D171BF70FB9} = {D8A245D2-A12D-4113-A1B3-B3B6AC53EFB4}
		{C3F01C41-C8A7-4CC3-AD03-52E9669563EC} = {D8F35195-B008-493F-B01D-8A9EBD3045F4}
		{C377F390-2DA5-4FB3-A3A0-E4390ACFD3B2} = {D8A245D2-A12D-4113-A1B3-B3B6AC53EFB4}
		{9060CE8C-DD69-47E4-9CD7-D37A0CCED845} = {D8F35195-B008-493F-B01D-8A9EBD3045F4}
		{89E3F9B1-36AF-48D1-A229-39CDE7148832} = {65DADC06-2F7A-4D71-BC5E-D8777A83CF0C}
		{3C80089C-5618-47AF-8AAF-B2C097B94F73} = {D8A245D2-A12D-4113-A1B3-B3B6AC53EFB4}
		{636CB0BB-A4E0-450B-BE4B-12AC6DD9FA91} = {82CF640C-6087-4E3C-84EE-E49AB38F8D2F}
		{CA895A93-99AE-4094-B366-E3BC5B995566} = {82CF640C-6087-4E3C-84EE-E49AB38F8D2F}
		{A4B42346-DABE-4789-8818-382AA1A42B6E} = {D8A245D2-A12D-4113-A1B3-B3B6AC53EFB4}
		{C07D2122-B0D2-4BBE-8947-987D7D465B28} = {3F7573A0-D28D-4835-B321-D02D989B145E}
		{236B9075-4301-4630-B9C2-20DD9801BD9D} = {3F7573A0-D28D-4835-B321-D02D989B145E}
		{FB27EF34-D6B4-462E-984A-9AE8253CCAA1} = {77860B85-9529-496F-A534-D41795512F5C}
		{DA266E3F-D2F2-4746-9C2F-7B3001DD7E7C} = {D8A245D2-A12D-4113-A1B3-B3B6AC53EFB4}
		{A20189EC-B915-4B8E-8303-EA92B1EC0F56} = {65DADC06-2F7A-4D71-BC5E-D8777A83CF0C}
		{3260F870-6947-4C20-ADFE-458C2D6686E1} = {65DADC06-2F7A-4D71-BC5E-D8777A83CF0C}
		{D4F75A5E-EAAC-45B7-A8EC-B13D7B21CDED} = {65DADC06-2F7A-4D71-BC5E-D8777A83CF0C}
		{E62EB56A-628F-4A0A-A2F0-255286AF2D6F} = {1301D820-587F-42BA-89C9-99A38CDAD6E5}
		{D87CD670-220F-4863-957A-715BBA5DA44F} = {E62EB56A-628F-4A0A-A2F0-255286AF2D6F}
		{DFB53FFE-52A8-426F-BBC9-FB51C171F198} = {E62EB56A-628F-4A0A-A2F0-255286AF2D6F}
		{747C6F33-3CCF-4EBF-87E3-F88C5368614D} = {E62EB56A-628F-4A0A-A2F0-255286AF2D6F}
		{C3233FD9-659C-4BA5-8D94-BA113BB112A5} = {1301D820-587F-42BA-89C9-99A38CDAD6E5}
		{F26D98F2-EB94-4A03-B1BD-C5A89C500269} = {C3233FD9-659C-4BA5-8D94-BA113BB112A5}
		{00544175-13BB-4082-8AE6-26B511C504D3} = {65DADC06-2F7A-4D71-BC5E-D8777A83CF0C}
		{48224623-45FA-4352-BDE8-D058D7859C15} = {65DADC06-2F7A-4D71-BC5E-D8777A83CF0C}
		{5D131472-56E3-4530-ACEB-5CFE077B1AB7} = {09447EED-74FC-45C0-AE5E-91BF3F4996E9}
		{30698561-2A72-46F7-AFA6-FAAB46D044AD} = {65DADC06-2F7A-4D71-BC5E-D8777A83CF0C}
		{DD9ADF9E-73B6-4AD0-87CF-DBA437DFAB70} = {D8A245D2-A12D-4113-A1B3-B3B6AC53EFB4}
		{3BCFD1B7-C7A7-4AE6-8DDA-0A9FB95CA796} = {D8A245D2-A12D-4113-A1B3-B3B6AC53EFB4}
		{7A2EA9C7-C993-4A2F-A7EA-13E00037A1B2} = {D8F35195-B008-493F-B01D-8A9EBD3045F4}
		{4FF66F12-8E48-4A9F-A7B0-7B2D3A82E9A2} = {65DADC06-2F7A-4D71-BC5E-D8777A83CF0C}
		{5E7407D1-688C-459C-BB1D-9DFF47EADA3B} = {D8A245D2-A12D-4113-A1B3-B3B6AC53EFB4}
	EndGlobalSection
	GlobalSection(ExtensibilityGlobals) = postSolution
		SolutionGuid = {A587C12D-A4E0-4071-B45B-56067CFE364A}
	EndGlobalSection
EndGlobal
